
Microsoft Visual Studio Solution File, Format Version 12.00
# Visual Studio 2012
Project("{FAE04EC0-301F-11D3-BF4B-00C04F79EFBC}") = "RawDataParser", "RawDataParser\RawDataParser.csproj", "{62248DFA-7491-448D-82BF-4F13C7B89B78}"
EndProject
Project("{FAE04EC0-301F-11D3-BF4B-00C04F79EFBC}") = "DelaunayTriangulator", "DelaunayTriangulator\DelaunayTriangulator.csproj", "{5097D2FD-DFDE-40B8-8477-9574468C3CAE}"
EndProject
Project("{FAE04EC0-301F-11D3-BF4B-00C04F79EFBC}") = "VISParser", "VISParser\VISParser.csproj", "{0B04D620-595C-4916-BE8C-88D013D77C2B}"
EndProject
Project("{FAE04EC0-301F-11D3-BF4B-00C04F79EFBC}") = "FortuneVoronoi", "FortuneVoronoi\FortuneVoronoi.csproj", "{DDF5D740-6EE1-44BA-9DB9-782BF23E28D6}"
EndProject
Project("{FAE04EC0-301F-11D3-BF4B-00C04F79EFBC}") = "FootballManagerUI", "FootballManagerUI\FootballManagerUI.csproj", "{78833B8A-D8BC-4379-94DE-89C1FEDD71F4}"
EndProject
Project("{FAE04EC0-301F-11D3-BF4B-00C04F79EFBC}") = "MachineLearning", "KernelComputer\MachineLearning.csproj", "{D1BB7E0F-3A56-458F-BD82-6C2B414B0CB4}"
EndProject
Project("{FAE04EC0-301F-11D3-BF4B-00C04F79EFBC}") = "FooballProject", "FooballProject\FooballProject.csproj", "{8AF98836-77FF-42D2-BE72-D754EAEF8261}"
EndProject
Project("{FAE04EC0-301F-11D3-BF4B-00C04F79EFBC}") = "FootballUI", "FootballUI\FootballUI.csproj", "{0FB1294B-F8C2-4901-8974-2746AD7AA457}"
EndProject
Project("{FAE04EC0-301F-11D3-BF4B-00C04F79EFBC}") = "Accord.Core", "Accord.Core\Accord.Core.csproj", "{A177A90C-8207-466A-AF70-F2B8452A42AC}"
EndProject
Project("{FAE04EC0-301F-11D3-BF4B-00C04F79EFBC}") = "Accord.MachineLearning", "Accord.MachineLearning\Accord.MachineLearning.csproj", "{7AB4BBCC-6222-423D-9FF9-BA9CB7C09199}"
EndProject
Project("{FAE04EC0-301F-11D3-BF4B-00C04F79EFBC}") = "Accord.Math", "Accord.Math\Accord.Math.csproj", "{F718E9A8-DB62-4785-8C49-4333A60D256A}"
EndProject
Project("{FAE04EC0-301F-11D3-BF4B-00C04F79EFBC}") = "Accord.Statistics", "Accord.Statistics\Accord.Statistics.csproj", "{FD8101DD-C95D-42D6-AD44-AE01C25F2811}"
EndProject
Project("{FAE04EC0-301F-11D3-BF4B-00C04F79EFBC}") = "Core", "Core\Core.csproj", "{631AC093-430F-45F4-BA0C-AF0F0405918A}"
EndProject
Project("{FAE04EC0-301F-11D3-BF4B-00C04F79EFBC}") = "Math", "Math\Math.csproj", "{C0FAF524-72E4-46F7-8C1B-A6B74DEC5EBE}"
EndProject
Project("{FAE04EC0-301F-11D3-BF4B-00C04F79EFBC}") = "ZedGraph", "ZedGraph\ZedGraph.csproj", "{2541686B-1673-43BF-AF89-3163945DB009}"
EndProject
Global
	GlobalSection(SolutionConfigurationPlatforms) = preSolution
		Debug|Any CPU = Debug|Any CPU
		Debug|Mixed Platforms = Debug|Mixed Platforms
		Debug|Win32 = Debug|Win32
		Debug|x86 = Debug|x86
		Release 3.5|Any CPU = Release 3.5|Any CPU
		Release 3.5|Mixed Platforms = Release 3.5|Mixed Platforms
		Release 3.5|Win32 = Release 3.5|Win32
		Release 3.5|x86 = Release 3.5|x86
		Release|Any CPU = Release|Any CPU
		Release|Mixed Platforms = Release|Mixed Platforms
		Release|Win32 = Release|Win32
		Release|x86 = Release|x86
	EndGlobalSection
	GlobalSection(ProjectConfigurationPlatforms) = postSolution
		{62248DFA-7491-448D-82BF-4F13C7B89B78}.Debug|Any CPU.ActiveCfg = Debug|x86
		{62248DFA-7491-448D-82BF-4F13C7B89B78}.Debug|Mixed Platforms.ActiveCfg = Debug|x86
		{62248DFA-7491-448D-82BF-4F13C7B89B78}.Debug|Mixed Platforms.Build.0 = Debug|x86
		{62248DFA-7491-448D-82BF-4F13C7B89B78}.Debug|Win32.ActiveCfg = Debug|x86
		{62248DFA-7491-448D-82BF-4F13C7B89B78}.Debug|x86.ActiveCfg = Debug|x86
		{62248DFA-7491-448D-82BF-4F13C7B89B78}.Debug|x86.Build.0 = Debug|x86
		{62248DFA-7491-448D-82BF-4F13C7B89B78}.Release 3.5|Any CPU.ActiveCfg = Release|x86
		{62248DFA-7491-448D-82BF-4F13C7B89B78}.Release 3.5|Mixed Platforms.ActiveCfg = Release|x86
		{62248DFA-7491-448D-82BF-4F13C7B89B78}.Release 3.5|Mixed Platforms.Build.0 = Release|x86
		{62248DFA-7491-448D-82BF-4F13C7B89B78}.Release 3.5|Win32.ActiveCfg = Release|x86
		{62248DFA-7491-448D-82BF-4F13C7B89B78}.Release 3.5|Win32.Build.0 = Release|x86
		{62248DFA-7491-448D-82BF-4F13C7B89B78}.Release 3.5|x86.ActiveCfg = Release|x86
		{62248DFA-7491-448D-82BF-4F13C7B89B78}.Release 3.5|x86.Build.0 = Release|x86
		{62248DFA-7491-448D-82BF-4F13C7B89B78}.Release|Any CPU.ActiveCfg = Release|x86
		{62248DFA-7491-448D-82BF-4F13C7B89B78}.Release|Mixed Platforms.ActiveCfg = Release|x86
		{62248DFA-7491-448D-82BF-4F13C7B89B78}.Release|Mixed Platforms.Build.0 = Release|x86
		{62248DFA-7491-448D-82BF-4F13C7B89B78}.Release|Win32.ActiveCfg = Release|x86
		{62248DFA-7491-448D-82BF-4F13C7B89B78}.Release|x86.ActiveCfg = Release|x86
		{62248DFA-7491-448D-82BF-4F13C7B89B78}.Release|x86.Build.0 = Release|x86
		{5097D2FD-DFDE-40B8-8477-9574468C3CAE}.Debug|Any CPU.ActiveCfg = Debug|Any CPU
		{5097D2FD-DFDE-40B8-8477-9574468C3CAE}.Debug|Any CPU.Build.0 = Debug|Any CPU
		{5097D2FD-DFDE-40B8-8477-9574468C3CAE}.Debug|Mixed Platforms.ActiveCfg = Debug|Any CPU
		{5097D2FD-DFDE-40B8-8477-9574468C3CAE}.Debug|Mixed Platforms.Build.0 = Debug|Any CPU
		{5097D2FD-DFDE-40B8-8477-9574468C3CAE}.Debug|Win32.ActiveCfg = Debug|Any CPU
		{5097D2FD-DFDE-40B8-8477-9574468C3CAE}.Debug|x86.ActiveCfg = Debug|Any CPU
		{5097D2FD-DFDE-40B8-8477-9574468C3CAE}.Release 3.5|Any CPU.ActiveCfg = Release|Any CPU
		{5097D2FD-DFDE-40B8-8477-9574468C3CAE}.Release 3.5|Any CPU.Build.0 = Release|Any CPU
		{5097D2FD-DFDE-40B8-8477-9574468C3CAE}.Release 3.5|Mixed Platforms.ActiveCfg = Release|Any CPU
		{5097D2FD-DFDE-40B8-8477-9574468C3CAE}.Release 3.5|Mixed Platforms.Build.0 = Release|Any CPU
		{5097D2FD-DFDE-40B8-8477-9574468C3CAE}.Release 3.5|Win32.ActiveCfg = Release|Any CPU
		{5097D2FD-DFDE-40B8-8477-9574468C3CAE}.Release 3.5|x86.ActiveCfg = Release|Any CPU
		{5097D2FD-DFDE-40B8-8477-9574468C3CAE}.Release|Any CPU.ActiveCfg = Release|Any CPU
		{5097D2FD-DFDE-40B8-8477-9574468C3CAE}.Release|Any CPU.Build.0 = Release|Any CPU
		{5097D2FD-DFDE-40B8-8477-9574468C3CAE}.Release|Mixed Platforms.ActiveCfg = Release|Any CPU
		{5097D2FD-DFDE-40B8-8477-9574468C3CAE}.Release|Mixed Platforms.Build.0 = Release|Any CPU
		{5097D2FD-DFDE-40B8-8477-9574468C3CAE}.Release|Win32.ActiveCfg = Release|Any CPU
		{5097D2FD-DFDE-40B8-8477-9574468C3CAE}.Release|x86.ActiveCfg = Release|Any CPU
		{0B04D620-595C-4916-BE8C-88D013D77C2B}.Debug|Any CPU.ActiveCfg = Debug|x86
		{0B04D620-595C-4916-BE8C-88D013D77C2B}.Debug|Mixed Platforms.ActiveCfg = Debug|x86
		{0B04D620-595C-4916-BE8C-88D013D77C2B}.Debug|Mixed Platforms.Build.0 = Debug|x86
		{0B04D620-595C-4916-BE8C-88D013D77C2B}.Debug|Win32.ActiveCfg = Debug|x86
		{0B04D620-595C-4916-BE8C-88D013D77C2B}.Debug|x86.ActiveCfg = Debug|x86
		{0B04D620-595C-4916-BE8C-88D013D77C2B}.Debug|x86.Build.0 = Debug|x86
		{0B04D620-595C-4916-BE8C-88D013D77C2B}.Release 3.5|Any CPU.ActiveCfg = Release|x86
		{0B04D620-595C-4916-BE8C-88D013D77C2B}.Release 3.5|Mixed Platforms.ActiveCfg = Release|x86
		{0B04D620-595C-4916-BE8C-88D013D77C2B}.Release 3.5|Mixed Platforms.Build.0 = Release|x86
		{0B04D620-595C-4916-BE8C-88D013D77C2B}.Release 3.5|Win32.ActiveCfg = Release|x86
		{0B04D620-595C-4916-BE8C-88D013D77C2B}.Release 3.5|Win32.Build.0 = Release|x86
		{0B04D620-595C-4916-BE8C-88D013D77C2B}.Release 3.5|x86.ActiveCfg = Release|x86
		{0B04D620-595C-4916-BE8C-88D013D77C2B}.Release 3.5|x86.Build.0 = Release|x86
		{0B04D620-595C-4916-BE8C-88D013D77C2B}.Release|Any CPU.ActiveCfg = Release|x86
		{0B04D620-595C-4916-BE8C-88D013D77C2B}.Release|Mixed Platforms.ActiveCfg = Release|x86
		{0B04D620-595C-4916-BE8C-88D013D77C2B}.Release|Mixed Platforms.Build.0 = Release|x86
		{0B04D620-595C-4916-BE8C-88D013D77C2B}.Release|Win32.ActiveCfg = Release|x86
		{0B04D620-595C-4916-BE8C-88D013D77C2B}.Release|x86.ActiveCfg = Release|x86
		{0B04D620-595C-4916-BE8C-88D013D77C2B}.Release|x86.Build.0 = Release|x86
		{DDF5D740-6EE1-44BA-9DB9-782BF23E28D6}.Debug|Any CPU.ActiveCfg = Debug|Any CPU
		{DDF5D740-6EE1-44BA-9DB9-782BF23E28D6}.Debug|Any CPU.Build.0 = Debug|Any CPU
		{DDF5D740-6EE1-44BA-9DB9-782BF23E28D6}.Debug|Mixed Platforms.ActiveCfg = Debug|Any CPU
		{DDF5D740-6EE1-44BA-9DB9-782BF23E28D6}.Debug|Mixed Platforms.Build.0 = Debug|Any CPU
		{DDF5D740-6EE1-44BA-9DB9-782BF23E28D6}.Debug|Win32.ActiveCfg = Debug|Any CPU
		{DDF5D740-6EE1-44BA-9DB9-782BF23E28D6}.Debug|x86.ActiveCfg = Debug|Any CPU
		{DDF5D740-6EE1-44BA-9DB9-782BF23E28D6}.Release 3.5|Any CPU.ActiveCfg = Release|Any CPU
		{DDF5D740-6EE1-44BA-9DB9-782BF23E28D6}.Release 3.5|Any CPU.Build.0 = Release|Any CPU
		{DDF5D740-6EE1-44BA-9DB9-782BF23E28D6}.Release 3.5|Mixed Platforms.ActiveCfg = Release|Any CPU
		{DDF5D740-6EE1-44BA-9DB9-782BF23E28D6}.Release 3.5|Mixed Platforms.Build.0 = Release|Any CPU
		{DDF5D740-6EE1-44BA-9DB9-782BF23E28D6}.Release 3.5|Win32.ActiveCfg = Release|Any CPU
		{DDF5D740-6EE1-44BA-9DB9-782BF23E28D6}.Release 3.5|x86.ActiveCfg = Release|Any CPU
		{DDF5D740-6EE1-44BA-9DB9-782BF23E28D6}.Release|Any CPU.ActiveCfg = Release|Any CPU
		{DDF5D740-6EE1-44BA-9DB9-782BF23E28D6}.Release|Any CPU.Build.0 = Release|Any CPU
		{DDF5D740-6EE1-44BA-9DB9-782BF23E28D6}.Release|Mixed Platforms.ActiveCfg = Release|Any CPU
		{DDF5D740-6EE1-44BA-9DB9-782BF23E28D6}.Release|Mixed Platforms.Build.0 = Release|Any CPU
		{DDF5D740-6EE1-44BA-9DB9-782BF23E28D6}.Release|Win32.ActiveCfg = Release|Any CPU
		{DDF5D740-6EE1-44BA-9DB9-782BF23E28D6}.Release|x86.ActiveCfg = Release|Any CPU
		{78833B8A-D8BC-4379-94DE-89C1FEDD71F4}.Debug|Any CPU.ActiveCfg = Debug|x86
		{78833B8A-D8BC-4379-94DE-89C1FEDD71F4}.Debug|Mixed Platforms.ActiveCfg = Debug|x86
		{78833B8A-D8BC-4379-94DE-89C1FEDD71F4}.Debug|Mixed Platforms.Build.0 = Debug|x86
		{78833B8A-D8BC-4379-94DE-89C1FEDD71F4}.Debug|Win32.ActiveCfg = Debug|x86
		{78833B8A-D8BC-4379-94DE-89C1FEDD71F4}.Debug|x86.ActiveCfg = Debug|x86
		{78833B8A-D8BC-4379-94DE-89C1FEDD71F4}.Debug|x86.Build.0 = Debug|x86
		{78833B8A-D8BC-4379-94DE-89C1FEDD71F4}.Release 3.5|Any CPU.ActiveCfg = Release|x86
		{78833B8A-D8BC-4379-94DE-89C1FEDD71F4}.Release 3.5|Mixed Platforms.ActiveCfg = Release|x86
		{78833B8A-D8BC-4379-94DE-89C1FEDD71F4}.Release 3.5|Mixed Platforms.Build.0 = Release|x86
		{78833B8A-D8BC-4379-94DE-89C1FEDD71F4}.Release 3.5|Win32.ActiveCfg = Release|x86
		{78833B8A-D8BC-4379-94DE-89C1FEDD71F4}.Release 3.5|Win32.Build.0 = Release|x86
		{78833B8A-D8BC-4379-94DE-89C1FEDD71F4}.Release 3.5|x86.ActiveCfg = Release|x86
		{78833B8A-D8BC-4379-94DE-89C1FEDD71F4}.Release 3.5|x86.Build.0 = Release|x86
		{78833B8A-D8BC-4379-94DE-89C1FEDD71F4}.Release|Any CPU.ActiveCfg = Release|x86
		{78833B8A-D8BC-4379-94DE-89C1FEDD71F4}.Release|Mixed Platforms.ActiveCfg = Release|x86
		{78833B8A-D8BC-4379-94DE-89C1FEDD71F4}.Release|Mixed Platforms.Build.0 = Release|x86
		{78833B8A-D8BC-4379-94DE-89C1FEDD71F4}.Release|Win32.ActiveCfg = Release|x86
		{78833B8A-D8BC-4379-94DE-89C1FEDD71F4}.Release|x86.ActiveCfg = Release|x86
		{78833B8A-D8BC-4379-94DE-89C1FEDD71F4}.Release|x86.Build.0 = Release|x86
		{D1BB7E0F-3A56-458F-BD82-6C2B414B0CB4}.Debug|Any CPU.ActiveCfg = Debug|Any CPU
		{D1BB7E0F-3A56-458F-BD82-6C2B414B0CB4}.Debug|Any CPU.Build.0 = Debug|Any CPU
		{D1BB7E0F-3A56-458F-BD82-6C2B414B0CB4}.Debug|Mixed Platforms.ActiveCfg = Debug|Any CPU
		{D1BB7E0F-3A56-458F-BD82-6C2B414B0CB4}.Debug|Mixed Platforms.Build.0 = Debug|Any CPU
		{D1BB7E0F-3A56-458F-BD82-6C2B414B0CB4}.Debug|Win32.ActiveCfg = Debug|Any CPU
		{D1BB7E0F-3A56-458F-BD82-6C2B414B0CB4}.Debug|x86.ActiveCfg = Debug|Any CPU
		{D1BB7E0F-3A56-458F-BD82-6C2B414B0CB4}.Release 3.5|Any CPU.ActiveCfg = Release|Any CPU
		{D1BB7E0F-3A56-458F-BD82-6C2B414B0CB4}.Release 3.5|Any CPU.Build.0 = Release|Any CPU
		{D1BB7E0F-3A56-458F-BD82-6C2B414B0CB4}.Release 3.5|Mixed Platforms.ActiveCfg = Release|Any CPU
		{D1BB7E0F-3A56-458F-BD82-6C2B414B0CB4}.Release 3.5|Mixed Platforms.Build.0 = Release|Any CPU
		{D1BB7E0F-3A56-458F-BD82-6C2B414B0CB4}.Release 3.5|Win32.ActiveCfg = Release|Any CPU
		{D1BB7E0F-3A56-458F-BD82-6C2B414B0CB4}.Release 3.5|x86.ActiveCfg = Release|Any CPU
		{D1BB7E0F-3A56-458F-BD82-6C2B414B0CB4}.Release|Any CPU.ActiveCfg = Release|Any CPU
		{D1BB7E0F-3A56-458F-BD82-6C2B414B0CB4}.Release|Any CPU.Build.0 = Release|Any CPU
		{D1BB7E0F-3A56-458F-BD82-6C2B414B0CB4}.Release|Mixed Platforms.ActiveCfg = Release|Any CPU
		{D1BB7E0F-3A56-458F-BD82-6C2B414B0CB4}.Release|Mixed Platforms.Build.0 = Release|Any CPU
		{D1BB7E0F-3A56-458F-BD82-6C2B414B0CB4}.Release|Win32.ActiveCfg = Release|Any CPU
		{D1BB7E0F-3A56-458F-BD82-6C2B414B0CB4}.Release|x86.ActiveCfg = Release|Any CPU
		{8AF98836-77FF-42D2-BE72-D754EAEF8261}.Debug|Any CPU.ActiveCfg = Debug|Any CPU
		{8AF98836-77FF-42D2-BE72-D754EAEF8261}.Debug|Any CPU.Build.0 = Debug|Any CPU
		{8AF98836-77FF-42D2-BE72-D754EAEF8261}.Debug|Mixed Platforms.ActiveCfg = Debug|Any CPU
		{8AF98836-77FF-42D2-BE72-D754EAEF8261}.Debug|Mixed Platforms.Build.0 = Debug|Any CPU
		{8AF98836-77FF-42D2-BE72-D754EAEF8261}.Debug|Win32.ActiveCfg = Debug|Any CPU
		{8AF98836-77FF-42D2-BE72-D754EAEF8261}.Debug|x86.ActiveCfg = Debug|Any CPU
		{8AF98836-77FF-42D2-BE72-D754EAEF8261}.Release 3.5|Any CPU.ActiveCfg = Release|Any CPU
		{8AF98836-77FF-42D2-BE72-D754EAEF8261}.Release 3.5|Any CPU.Build.0 = Release|Any CPU
		{8AF98836-77FF-42D2-BE72-D754EAEF8261}.Release 3.5|Mixed Platforms.ActiveCfg = Release|Any CPU
		{8AF98836-77FF-42D2-BE72-D754EAEF8261}.Release 3.5|Mixed Platforms.Build.0 = Release|Any CPU
		{8AF98836-77FF-42D2-BE72-D754EAEF8261}.Release 3.5|Win32.ActiveCfg = Release|Any CPU
		{8AF98836-77FF-42D2-BE72-D754EAEF8261}.Release 3.5|x86.ActiveCfg = Release|Any CPU
		{8AF98836-77FF-42D2-BE72-D754EAEF8261}.Release|Any CPU.ActiveCfg = Release|Any CPU
		{8AF98836-77FF-42D2-BE72-D754EAEF8261}.Release|Any CPU.Build.0 = Release|Any CPU
		{8AF98836-77FF-42D2-BE72-D754EAEF8261}.Release|Mixed Platforms.ActiveCfg = Release|Any CPU
		{8AF98836-77FF-42D2-BE72-D754EAEF8261}.Release|Mixed Platforms.Build.0 = Release|Any CPU
		{8AF98836-77FF-42D2-BE72-D754EAEF8261}.Release|Win32.ActiveCfg = Release|Any CPU
		{8AF98836-77FF-42D2-BE72-D754EAEF8261}.Release|x86.ActiveCfg = Release|Any CPU
		{0FB1294B-F8C2-4901-8974-2746AD7AA457}.Debug|Any CPU.ActiveCfg = Debug|x86
		{0FB1294B-F8C2-4901-8974-2746AD7AA457}.Debug|Mixed Platforms.ActiveCfg = Debug|x86
		{0FB1294B-F8C2-4901-8974-2746AD7AA457}.Debug|Mixed Platforms.Build.0 = Debug|x86
		{0FB1294B-F8C2-4901-8974-2746AD7AA457}.Debug|Win32.ActiveCfg = Debug|x86
		{0FB1294B-F8C2-4901-8974-2746AD7AA457}.Debug|x86.ActiveCfg = Debug|x86
		{0FB1294B-F8C2-4901-8974-2746AD7AA457}.Debug|x86.Build.0 = Debug|x86
		{0FB1294B-F8C2-4901-8974-2746AD7AA457}.Release 3.5|Any CPU.ActiveCfg = Release|x86
		{0FB1294B-F8C2-4901-8974-2746AD7AA457}.Release 3.5|Mixed Platforms.ActiveCfg = Release|x86
		{0FB1294B-F8C2-4901-8974-2746AD7AA457}.Release 3.5|Mixed Platforms.Build.0 = Release|x86
		{0FB1294B-F8C2-4901-8974-2746AD7AA457}.Release 3.5|Win32.ActiveCfg = Release|x86
		{0FB1294B-F8C2-4901-8974-2746AD7AA457}.Release 3.5|Win32.Build.0 = Release|x86
		{0FB1294B-F8C2-4901-8974-2746AD7AA457}.Release 3.5|x86.ActiveCfg = Release|x86
		{0FB1294B-F8C2-4901-8974-2746AD7AA457}.Release 3.5|x86.Build.0 = Release|x86
		{0FB1294B-F8C2-4901-8974-2746AD7AA457}.Release|Any CPU.ActiveCfg = Release|x86
		{0FB1294B-F8C2-4901-8974-2746AD7AA457}.Release|Mixed Platforms.ActiveCfg = Release|x86
		{0FB1294B-F8C2-4901-8974-2746AD7AA457}.Release|Mixed Platforms.Build.0 = Release|x86
		{0FB1294B-F8C2-4901-8974-2746AD7AA457}.Release|Win32.ActiveCfg = Release|x86
		{0FB1294B-F8C2-4901-8974-2746AD7AA457}.Release|x86.ActiveCfg = Release|x86
		{0FB1294B-F8C2-4901-8974-2746AD7AA457}.Release|x86.Build.0 = Release|x86
		{A177A90C-8207-466A-AF70-F2B8452A42AC}.Debug|Any CPU.ActiveCfg = Debug|Any CPU
		{A177A90C-8207-466A-AF70-F2B8452A42AC}.Debug|Any CPU.Build.0 = Debug|Any CPU
		{A177A90C-8207-466A-AF70-F2B8452A42AC}.Debug|Mixed Platforms.ActiveCfg = Debug|Any CPU
		{A177A90C-8207-466A-AF70-F2B8452A42AC}.Debug|Mixed Platforms.Build.0 = Debug|Any CPU
		{A177A90C-8207-466A-AF70-F2B8452A42AC}.Debug|Win32.ActiveCfg = Debug|Any CPU
		{A177A90C-8207-466A-AF70-F2B8452A42AC}.Debug|x86.ActiveCfg = Debug|Any CPU
		{A177A90C-8207-466A-AF70-F2B8452A42AC}.Release 3.5|Any CPU.ActiveCfg = Release 3.5|Any CPU
		{A177A90C-8207-466A-AF70-F2B8452A42AC}.Release 3.5|Any CPU.Build.0 = Release 3.5|Any CPU
		{A177A90C-8207-466A-AF70-F2B8452A42AC}.Release 3.5|Mixed Platforms.ActiveCfg = Release 3.5|Any CPU
		{A177A90C-8207-466A-AF70-F2B8452A42AC}.Release 3.5|Mixed Platforms.Build.0 = Release 3.5|Any CPU
		{A177A90C-8207-466A-AF70-F2B8452A42AC}.Release 3.5|Win32.ActiveCfg = Release 3.5|Any CPU
		{A177A90C-8207-466A-AF70-F2B8452A42AC}.Release 3.5|x86.ActiveCfg = Release 3.5|Any CPU
		{A177A90C-8207-466A-AF70-F2B8452A42AC}.Release|Any CPU.ActiveCfg = Release|Any CPU
		{A177A90C-8207-466A-AF70-F2B8452A42AC}.Release|Any CPU.Build.0 = Release|Any CPU
		{A177A90C-8207-466A-AF70-F2B8452A42AC}.Release|Mixed Platforms.ActiveCfg = Release|Any CPU
		{A177A90C-8207-466A-AF70-F2B8452A42AC}.Release|Mixed Platforms.Build.0 = Release|Any CPU
		{A177A90C-8207-466A-AF70-F2B8452A42AC}.Release|Win32.ActiveCfg = Release|Any CPU
		{A177A90C-8207-466A-AF70-F2B8452A42AC}.Release|x86.ActiveCfg = Release|Any CPU
		{7AB4BBCC-6222-423D-9FF9-BA9CB7C09199}.Debug|Any CPU.ActiveCfg = Debug|Any CPU
		{7AB4BBCC-6222-423D-9FF9-BA9CB7C09199}.Debug|Any CPU.Build.0 = Debug|Any CPU
		{7AB4BBCC-6222-423D-9FF9-BA9CB7C09199}.Debug|Mixed Platforms.ActiveCfg = Debug|Any CPU
		{7AB4BBCC-6222-423D-9FF9-BA9CB7C09199}.Debug|Mixed Platforms.Build.0 = Debug|Any CPU
		{7AB4BBCC-6222-423D-9FF9-BA9CB7C09199}.Debug|Win32.ActiveCfg = Debug|Any CPU
		{7AB4BBCC-6222-423D-9FF9-BA9CB7C09199}.Debug|x86.ActiveCfg = Debug|Any CPU
		{7AB4BBCC-6222-423D-9FF9-BA9CB7C09199}.Release 3.5|Any CPU.ActiveCfg = Release 3.5|Any CPU
		{7AB4BBCC-6222-423D-9FF9-BA9CB7C09199}.Release 3.5|Any CPU.Build.0 = Release 3.5|Any CPU
		{7AB4BBCC-6222-423D-9FF9-BA9CB7C09199}.Release 3.5|Mixed Platforms.ActiveCfg = Release 3.5|Any CPU
		{7AB4BBCC-6222-423D-9FF9-BA9CB7C09199}.Release 3.5|Mixed Platforms.Build.0 = Release 3.5|Any CPU
		{7AB4BBCC-6222-423D-9FF9-BA9CB7C09199}.Release 3.5|Win32.ActiveCfg = Release 3.5|Any CPU
		{7AB4BBCC-6222-423D-9FF9-BA9CB7C09199}.Release 3.5|x86.ActiveCfg = Release 3.5|Any CPU
		{7AB4BBCC-6222-423D-9FF9-BA9CB7C09199}.Release|Any CPU.ActiveCfg = Release|Any CPU
		{7AB4BBCC-6222-423D-9FF9-BA9CB7C09199}.Release|Any CPU.Build.0 = Release|Any CPU
		{7AB4BBCC-6222-423D-9FF9-BA9CB7C09199}.Release|Mixed Platforms.ActiveCfg = Release|Any CPU
		{7AB4BBCC-6222-423D-9FF9-BA9CB7C09199}.Release|Mixed Platforms.Build.0 = Release|Any CPU
		{7AB4BBCC-6222-423D-9FF9-BA9CB7C09199}.Release|Win32.ActiveCfg = Release|Any CPU
		{7AB4BBCC-6222-423D-9FF9-BA9CB7C09199}.Release|x86.ActiveCfg = Release|Any CPU
		{F718E9A8-DB62-4785-8C49-4333A60D256A}.Debug|Any CPU.ActiveCfg = Debug|Any CPU
		{F718E9A8-DB62-4785-8C49-4333A60D256A}.Debug|Any CPU.Build.0 = Debug|Any CPU
		{F718E9A8-DB62-4785-8C49-4333A60D256A}.Debug|Mixed Platforms.ActiveCfg = Debug|Any CPU
		{F718E9A8-DB62-4785-8C49-4333A60D256A}.Debug|Mixed Platforms.Build.0 = Debug|Any CPU
		{F718E9A8-DB62-4785-8C49-4333A60D256A}.Debug|Win32.ActiveCfg = Debug|Any CPU
		{F718E9A8-DB62-4785-8C49-4333A60D256A}.Debug|x86.ActiveCfg = Debug|Any CPU
		{F718E9A8-DB62-4785-8C49-4333A60D256A}.Release 3.5|Any CPU.ActiveCfg = Release 3.5|Any CPU
		{F718E9A8-DB62-4785-8C49-4333A60D256A}.Release 3.5|Any CPU.Build.0 = Release 3.5|Any CPU
		{F718E9A8-DB62-4785-8C49-4333A60D256A}.Release 3.5|Mixed Platforms.ActiveCfg = Release 3.5|Any CPU
		{F718E9A8-DB62-4785-8C49-4333A60D256A}.Release 3.5|Mixed Platforms.Build.0 = Release 3.5|Any CPU
		{F718E9A8-DB62-4785-8C49-4333A60D256A}.Release 3.5|Win32.ActiveCfg = Release 3.5|Any CPU
		{F718E9A8-DB62-4785-8C49-4333A60D256A}.Release 3.5|x86.ActiveCfg = Release 3.5|Any CPU
		{F718E9A8-DB62-4785-8C49-4333A60D256A}.Release|Any CPU.ActiveCfg = Release|Any CPU
		{F718E9A8-DB62-4785-8C49-4333A60D256A}.Release|Any CPU.Build.0 = Release|Any CPU
		{F718E9A8-DB62-4785-8C49-4333A60D256A}.Release|Mixed Platforms.ActiveCfg = Release|Any CPU
		{F718E9A8-DB62-4785-8C49-4333A60D256A}.Release|Mixed Platforms.Build.0 = Release|Any CPU
		{F718E9A8-DB62-4785-8C49-4333A60D256A}.Release|Win32.ActiveCfg = Release|Any CPU
		{F718E9A8-DB62-4785-8C49-4333A60D256A}.Release|x86.ActiveCfg = Release|Any CPU
		{FD8101DD-C95D-42D6-AD44-AE01C25F2811}.Debug|Any CPU.ActiveCfg = Debug|Any CPU
		{FD8101DD-C95D-42D6-AD44-AE01C25F2811}.Debug|Any CPU.Build.0 = Debug|Any CPU
		{FD8101DD-C95D-42D6-AD44-AE01C25F2811}.Debug|Mixed Platforms.ActiveCfg = Debug|Any CPU
		{FD8101DD-C95D-42D6-AD44-AE01C25F2811}.Debug|Mixed Platforms.Build.0 = Debug|Any CPU
		{FD8101DD-C95D-42D6-AD44-AE01C25F2811}.Debug|Win32.ActiveCfg = Debug|Any CPU
		{FD8101DD-C95D-42D6-AD44-AE01C25F2811}.Debug|x86.ActiveCfg = Debug|Any CPU
		{FD8101DD-C95D-42D6-AD44-AE01C25F2811}.Release 3.5|Any CPU.ActiveCfg = Release 3.5|Any CPU
		{FD8101DD-C95D-42D6-AD44-AE01C25F2811}.Release 3.5|Any CPU.Build.0 = Release 3.5|Any CPU
		{FD8101DD-C95D-42D6-AD44-AE01C25F2811}.Release 3.5|Mixed Platforms.ActiveCfg = Release 3.5|Any CPU
		{FD8101DD-C95D-42D6-AD44-AE01C25F2811}.Release 3.5|Mixed Platforms.Build.0 = Release 3.5|Any CPU
		{FD8101DD-C95D-42D6-AD44-AE01C25F2811}.Release 3.5|Win32.ActiveCfg = Release 3.5|Any CPU
		{FD8101DD-C95D-42D6-AD44-AE01C25F2811}.Release 3.5|x86.ActiveCfg = Release 3.5|Any CPU
		{FD8101DD-C95D-42D6-AD44-AE01C25F2811}.Release|Any CPU.ActiveCfg = Release|Any CPU
		{FD8101DD-C95D-42D6-AD44-AE01C25F2811}.Release|Any CPU.Build.0 = Release|Any CPU
		{FD8101DD-C95D-42D6-AD44-AE01C25F2811}.Release|Mixed Platforms.ActiveCfg = Release|Any CPU
		{FD8101DD-C95D-42D6-AD44-AE01C25F2811}.Release|Mixed Platforms.Build.0 = Release|Any CPU
		{FD8101DD-C95D-42D6-AD44-AE01C25F2811}.Release|Win32.ActiveCfg = Release|Any CPU
		{FD8101DD-C95D-42D6-AD44-AE01C25F2811}.Release|x86.ActiveCfg = Release|Any CPU
		{631AC093-430F-45F4-BA0C-AF0F0405918A}.Debug|Any CPU.ActiveCfg = Debug|Any CPU
		{631AC093-430F-45F4-BA0C-AF0F0405918A}.Debug|Any CPU.Build.0 = Debug|Any CPU
		{631AC093-430F-45F4-BA0C-AF0F0405918A}.Debug|Mixed Platforms.ActiveCfg = Debug|Any CPU
		{631AC093-430F-45F4-BA0C-AF0F0405918A}.Debug|Mixed Platforms.Build.0 = Debug|Any CPU
		{631AC093-430F-45F4-BA0C-AF0F0405918A}.Debug|Win32.ActiveCfg = Debug|Any CPU
		{631AC093-430F-45F4-BA0C-AF0F0405918A}.Debug|x86.ActiveCfg = Debug|Any CPU
		{631AC093-430F-45F4-BA0C-AF0F0405918A}.Release 3.5|Any CPU.ActiveCfg = Release|Any CPU
		{631AC093-430F-45F4-BA0C-AF0F0405918A}.Release 3.5|Any CPU.Build.0 = Release|Any CPU
		{631AC093-430F-45F4-BA0C-AF0F0405918A}.Release 3.5|Mixed Platforms.ActiveCfg = Release|Any CPU
		{631AC093-430F-45F4-BA0C-AF0F0405918A}.Release 3.5|Mixed Platforms.Build.0 = Release|Any CPU
		{631AC093-430F-45F4-BA0C-AF0F0405918A}.Release 3.5|Win32.ActiveCfg = Release|Any CPU
		{631AC093-430F-45F4-BA0C-AF0F0405918A}.Release 3.5|x86.ActiveCfg = Release|Any CPU
		{631AC093-430F-45F4-BA0C-AF0F0405918A}.Release|Any CPU.ActiveCfg = Release|Any CPU
		{631AC093-430F-45F4-BA0C-AF0F0405918A}.Release|Any CPU.Build.0 = Release|Any CPU
		{631AC093-430F-45F4-BA0C-AF0F0405918A}.Release|Mixed Platforms.ActiveCfg = Release|Any CPU
		{631AC093-430F-45F4-BA0C-AF0F0405918A}.Release|Mixed Platforms.Build.0 = Release|Any CPU
		{631AC093-430F-45F4-BA0C-AF0F0405918A}.Release|Win32.ActiveCfg = Release|Any CPU
		{631AC093-430F-45F4-BA0C-AF0F0405918A}.Release|x86.ActiveCfg = Release|Any CPU
		{C0FAF524-72E4-46F7-8C1B-A6B74DEC5EBE}.Debug|Any CPU.ActiveCfg = Debug|Any CPU
		{C0FAF524-72E4-46F7-8C1B-A6B74DEC5EBE}.Debug|Any CPU.Build.0 = Debug|Any CPU
		{C0FAF524-72E4-46F7-8C1B-A6B74DEC5EBE}.Debug|Mixed Platforms.ActiveCfg = Debug|Any CPU
		{C0FAF524-72E4-46F7-8C1B-A6B74DEC5EBE}.Debug|Mixed Platforms.Build.0 = Debug|Any CPU
		{C0FAF524-72E4-46F7-8C1B-A6B74DEC5EBE}.Debug|Win32.ActiveCfg = Debug|Any CPU
		{C0FAF524-72E4-46F7-8C1B-A6B74DEC5EBE}.Debug|x86.ActiveCfg = Debug|Any CPU
		{C0FAF524-72E4-46F7-8C1B-A6B74DEC5EBE}.Release 3.5|Any CPU.ActiveCfg = Release|Any CPU
		{C0FAF524-72E4-46F7-8C1B-A6B74DEC5EBE}.Release 3.5|Any CPU.Build.0 = Release|Any CPU
		{C0FAF524-72E4-46F7-8C1B-A6B74DEC5EBE}.Release 3.5|Mixed Platforms.ActiveCfg = Release|Any CPU
		{C0FAF524-72E4-46F7-8C1B-A6B74DEC5EBE}.Release 3.5|Mixed Platforms.Build.0 = Release|Any CPU
		{C0FAF524-72E4-46F7-8C1B-A6B74DEC5EBE}.Release 3.5|Win32.ActiveCfg = Release|Any CPU
		{C0FAF524-72E4-46F7-8C1B-A6B74DEC5EBE}.Release 3.5|x86.ActiveCfg = Release|Any CPU
		{C0FAF524-72E4-46F7-8C1B-A6B74DEC5EBE}.Release|Any CPU.ActiveCfg = Release|Any CPU
		{C0FAF524-72E4-46F7-8C1B-A6B74DEC5EBE}.Release|Any CPU.Build.0 = Release|Any CPU
		{C0FAF524-72E4-46F7-8C1B-A6B74DEC5EBE}.Release|Mixed Platforms.ActiveCfg = Release|Any CPU
		{C0FAF524-72E4-46F7-8C1B-A6B74DEC5EBE}.Release|Mixed Platforms.Build.0 = Release|Any CPU
		{C0FAF524-72E4-46F7-8C1B-A6B74DEC5EBE}.Release|Win32.ActiveCfg = Release|Any CPU
		{C0FAF524-72E4-46F7-8C1B-A6B74DEC5EBE}.Release|x86.ActiveCfg = Release|Any CPU
		{2541686B-1673-43BF-AF89-3163945DB009}.Debug|Any CPU.ActiveCfg = Debug|Any CPU
		{2541686B-1673-43BF-AF89-3163945DB009}.Debug|Any CPU.Build.0 = Debug|Any CPU
		{2541686B-1673-43BF-AF89-3163945DB009}.Debug|Mixed Platforms.ActiveCfg = Debug|Any CPU
		{2541686B-1673-43BF-AF89-3163945DB009}.Debug|Mixed Platforms.Build.0 = Debug|Any CPU
		{2541686B-1673-43BF-AF89-3163945DB009}.Debug|Win32.ActiveCfg = Debug|Any CPU
		{2541686B-1673-43BF-AF89-3163945DB009}.Debug|x86.ActiveCfg = Debug|Any CPU
		{2541686B-1673-43BF-AF89-3163945DB009}.Release 3.5|Any CPU.ActiveCfg = Release|Any CPU
		{2541686B-1673-43BF-AF89-3163945DB009}.Release 3.5|Any CPU.Build.0 = Release|Any CPU
		{2541686B-1673-43BF-AF89-3163945DB009}.Release 3.5|Mixed Platforms.ActiveCfg = Release|Any CPU
		{2541686B-1673-43BF-AF89-3163945DB009}.Release 3.5|Mixed Platforms.Build.0 = Release|Any CPU
		{2541686B-1673-43BF-AF89-3163945DB009}.Release 3.5|Win32.ActiveCfg = Release|Any CPU
		{2541686B-1673-43BF-AF89-3163945DB009}.Release 3.5|x86.ActiveCfg = Release|Any CPU
		{2541686B-1673-43BF-AF89-3163945DB009}.Release|Any CPU.ActiveCfg = Release|Any CPU
		{2541686B-1673-43BF-AF89-3163945DB009}.Release|Any CPU.Build.0 = Release|Any CPU
		{2541686B-1673-43BF-AF89-3163945DB009}.Release|Mixed Platforms.ActiveCfg = Release|Any CPU
		{2541686B-1673-43BF-AF89-3163945DB009}.Release|Mixed Platforms.Build.0 = Release|Any CPU
		{2541686B-1673-43BF-AF89-3163945DB009}.Release|Win32.ActiveCfg = Release|Any CPU
		{2541686B-1673-43BF-AF89-3163945DB009}.Release|x86.ActiveCfg = Release|Any CPU
	EndGlobalSection
	GlobalSection(SolutionProperties) = preSolution
		HideSolutionNode = FALSE
	EndGlobalSection
EndGlobal
